github.com/go-gst/go-gst v1.4.1-0.20250515164057-651844730da5 h1:ybIm0p0upGeHpTSC4Oy1XE1UicqIGFRYR65SLgHkP30=
github.com/go-gst/go-gst v1.4.1-0.20250515164057-651844730da5/go.mod h1:leyONug7aVuMqyWW0Uf6e5FbUK0Wg+yZ74JWMI2FRYo=
github.com/rswilli/gotk4 v0.0.0-20250515164040-23677b248d73 h1:fRtM+Q1A+NreUZZYnYjUIm4MfqxW057AhcXY2iJlyeI=
github.com/rswilli/gotk4 v0.0.0-20250515164040-23677b248d73/go.mod h1:KAKkz3MmLKBuGE+NlY9snuxUmmhBMsMQwNBEm98FcHE=
golang.org/x/sync v0.8.0 h1:3NFvSEYkUoMifnESzZl15y791HH1qU2xm6eCJU5ZPXQ=
golang.org/x/sync v0.8.0/go.mod h1:Czt+wKu1gCyEFDUtn0jG5QVvpJ6rzVqr5aXyt9drQfk=
